
Microsoft Visual Studio Solution File, Format Version 12.00
# Visual Studio Version 16
VisualStudioVersion = 16.0.29503.13
MinimumVisualStudioVersion = 10.0.40219.1
Project("{FAE04EC0-301F-11D3-BF4B-00C04F79EFBC}") = "SiHan.Asp.Common", "SiHan.Asp.Common\SiHan.Asp.Common.csproj", "{227BE759-2AE8-4A95-966D-CE6028F6815B}"
EndProject
Global
	GlobalSection(SolutionConfigurationPlatforms) = preSolution
		Debug|Any CPU = Debug|Any CPU
		Release|Any CPU = Release|Any CPU
	EndGlobalSection
	GlobalSection(ProjectConfigurationPlatforms) = postSolution
		{227BE759-2AE8-4A95-966D-CE6028F6815B}.Debug|Any CPU.ActiveCfg = Debug|Any CPU
		{227BE759-2AE8-4A95-966D-CE6028F6815B}.Debug|Any CPU.Build.0 = Debug|Any CPU
		{227BE759-2AE8-4A95-966D-CE6028F6815B}.Release|Any CPU.ActiveCfg = Release|Any CPU
		{227BE759-2AE8-4A95-966D-CE6028F6815B}.Release|Any CPU.Build.0 = Release|Any CPU
	EndGlobalSection
	GlobalSection(SolutionProperties) = preSolution
		HideSolutionNode = FALSE
	EndGlobalSection
	GlobalSection(ExtensibilityGlobals) = postSolution
		SolutionGuid = {B6F631D3-93CE-453B-B23F-6FBBFC798E91}
	EndGlobalSection
EndGlobal
